
Microsoft Visual Studio Solution File, Format Version 12.00
# Visual Studio Version 17
VisualStudioVersion = 17.3.32611.2
MinimumVisualStudioVersion = 10.0.40219.1
Project("{FAE04EC0-301F-11D3-BF4B-00C04F79EFBC}") = "MitchJourn-e", "MitchJourn-e\MitchJourn-e.csproj", "{477F80DB-EE65-48F6-A61A-2C191D1F0870}"
EndProject
Global
	GlobalSection(SolutionConfigurationPlatforms) = preSolution
		Debug|Any CPU = Debug|Any CPU
		Release|Any CPU = Release|Any CPU
	EndGlobalSection
	GlobalSection(ProjectConfigurationPlatforms) = postSolution
		{477F80DB-EE65-48F6-A61A-2C191D1F0870}.Debug|Any CPU.ActiveCfg = Debug|Any CPU
		{477F80DB-EE65-48F6-A61A-2C191D1F0870}.Debug|Any CPU.Build.0 = Debug|Any CPU
		{477F80DB-EE65-48F6-A61A-2C191D1F0870}.Release|Any CPU.ActiveCfg = Release|Any CPU
		{477F80DB-EE65-48F6-A61A-2C191D1F0870}.Release|Any CPU.Build.0 = Release|Any CPU
	EndGlobalSection
	GlobalSection(SolutionProperties) = preSolution
		HideSolutionNode = FALSE
	EndGlobalSection
	GlobalSection(ExtensibilityGlobals) = postSolution
		SolutionGuid = {5A610C20-34E6-4CC3-B21E-6A8F0B487DCC}
	EndGlobalSection
EndGlobal
